datasets:
- id: census_place_project_histid_crosswalk
  files:
  - path: usa/census_place_project/histid_place_crosswalk_1850.csv
    size_bytes: 1934210424
    sha256: 546ecc424792c1ab7d0675dd393aa917e0805944d51b85ee968197c91879b2eb
  - path: usa/census_place_project/histid_place_crosswalk_1860.csv
    size_bytes: 2927487995
    sha256: 7048c80f83b3061470caae81dfc4fa459a0d73ecc4453d5e36a7ce39a948bd13
  - path: usa/census_place_project/histid_place_crosswalk_1870.csv
    size_bytes: 4136029957
    sha256: 075119da7b5d7da59459dd83d27344d3927731f287203dc2c04999c92e49e760
  - path: usa/census_place_project/histid_place_crosswalk_1880.csv
    size_bytes: 5120694412
    sha256: 2e369accb95b2aa82e909c4ba504f5c05ae81d55610379b3038b67bd70f8b62a
  - path: usa/census_place_project/histid_place_crosswalk_1900.csv
    size_bytes: 7912684901
    sha256: acd183290eb5301b0140dfbe704f9fae91246d8b3d3896f1d2b3171eacc4614d
  - path: usa/census_place_project/histid_place_crosswalk_1910.csv
    size_bytes: 9704453177
    sha256: c6d83607cadd33aa73f8fbeb52e0bb2eb634fc18631d812b3e4bd7342109e221
  - path: usa/census_place_project/histid_place_crosswalk_1920.csv
    size_bytes: 11213691043
    sha256: 9c10f9432a5588125a4eb19b9455a823cf074026d2d719db8021ca78d3c725c1
  - path: usa/census_place_project/histid_place_crosswalk_1930.csv
    size_bytes: 12940752233
    sha256: 486d449313b5a717c3cb2cd8387eccbd6126be35329d784dc20efa4c89966ed9
  - path: usa/census_place_project/histid_place_crosswalk_1940.csv
    size_bytes: 13887111756
    sha256: c129a9584d79f8b3f36376aa6855ece4e8f5e8015f3ae2c1f52ba5c65d17f5c6
- id: census_place_project_place_component_crosswalk
  files:
  - path: usa/census_place_project/place_component_crosswalk.csv
    size_bytes: 10267536
    sha256: 5443137f6e88df7811158cc4ddecceb0da4cf226d5dc68e1f270e7721b4430ab
- id: nhgis_place_points
  files:
  - path: usa/nhgis/geo/nhgis0016_shapefile_tlgnis_us_place_point_1900/US_place_point_1900.shp
    size_bytes: 298804
    sha256: 4a72ea9adb3d09b4b43190cec413fae97c7d3eca6aeedf3009b2f5411ec27f7f
  - path: usa/nhgis/geo/nhgis0016_shapefile_tlgnis_us_place_point_1910/US_place_point_1910.shp
    size_bytes: 394368
    sha256: 28b53cb8a4161d00b9e53af59d0ea702d8f0438aede4768b8f201ce3fc837587
  - path: usa/nhgis/geo/nhgis0016_shapefile_tlgnis_us_place_point_1920/US_place_point_1920.shp
    size_bytes: 439588
    sha256: 7fb697029bd0291ca49c24ee6d21b398c4438579cb5ba984f49c25df1278e1f9
  - path: usa/nhgis/geo/nhgis0016_shapefile_tlgnis_us_place_point_1930/US_place_point_1930.shp
    size_bytes: 468036
    sha256: 337c869b5d4790ed1541d140f7e3cb393f9f52e4729073e656a810cbc6abd22e
  - path: usa/nhgis/geo/nhgis0016_shapefile_tlgnis_us_place_point_1940/US_place_point_1940.shp
    size_bytes: 482876
    sha256: 182ffbeebe57d235ffb897caca93b1273af1a1ff0bcfeb3a535a7dbfc47d5d22
  - path: usa/nhgis/geo/nhgis0016_shapefile_tlgnis_us_place_point_1950/US_place_point_1950.shp
    size_bytes: 529748
    sha256: d034ace6754c482f1083f61d9bb59bc48ac114a7b1627a92cc07c24bedb6da3e
  - path: usa/nhgis/geo/nhgis0016_shapefile_tlgnis_us_place_point_1960/US_place_point_1960.shp
    size_bytes: 560912
    sha256: 035bcbe6183a968623127b3de012abf98d6301c808db9f22385b70fb43fd1bb2
  - path: usa/nhgis/geo/nhgis0016_shapefile_tlgnis_us_place_point_1970/US_place_point_1970.shp
    size_bytes: 586644
    sha256: 0b5d0802f3c97d81a0c6e2b1fd3ed2f019bcd35b8a3e7ba6849a74ecb4f13f08
  - path: usa/nhgis/geo/nhgis0016_shapefile_tlgnis_us_place_point_1980/US_place_point_1980.shp
    size_bytes: 630912
    sha256: 525b20115790e69ee44ad6f08ccae9edb786f66558280df738fd5ef2e5edfdd3
  - path: usa/nhgis/geo/nhgis0016_shapefile_tlgnis_us_place_point_1990/US_place_point_1990.shp
    size_bytes: 656280
    sha256: a3d20321e22248ae253a41ff8d0b4e3c028416aef0143bc21d1f726970a644ff
  - path: usa/nhgis/geo/nhgis0016_shapefile_tlgnis_us_place_point_2000/US_place_point_2000.shp
    size_bytes: 704300
    sha256: f8388abddec4db7c8167ce09ae1560a6865cbdd20ec43aea8e684060588b87bc
  - path: usa/nhgis/geo/nhgis0016_shapefile_tlgnis_us_place_point_2010/US_place_point_2010.shp
    size_bytes: 826492
    sha256: 9de7e9d7d292d49e58788ff4acd3eaeae09ea26bcf663bd5d7b57188c77d1282
- id: nhgis_place_population_1990_2020
  files:
  - path: usa/nhgis/pop/nhgis0018_ts_geog2010_place.csv
    size_bytes: 9552537
    sha256: 079a1f7201438a306c47c151a6993cc10a972c061ab0226d953937bae6771cde
- id: ipums_usa_full_count
  files:
  - path: usa/ipums_full_count/ipums_full_count_1850.csv
    size_bytes: 1845865305
    sha256: ec25286fb3908a6a38c920c4532670a7183984d76eebd774969f5a910e470b4c
  - path: usa/ipums_full_count/ipums_full_count_1860.csv
    size_bytes: 2537960797
    sha256: e09c69d59eda8b77cb76d57c65dbad124162c19fd1c4466d3237227df1b9df41
  - path: usa/ipums_full_count/ipums_full_count_1870.csv
    size_bytes: 3564725123
    sha256: 1a155634a0220a4780efe3ea2b31112880fc02a7d9274b92621ac47782b69328
  - path: usa/ipums_full_count/ipums_full_count_1880.csv
    size_bytes: 4642660778
    sha256: f119c13a0e4924a1a0a3138654d72a5012ff91a511d63f3dca0000e18ef7b138
  - path: usa/ipums_full_count/ipums_full_count_1900.csv
    size_bytes: 7021510400
    sha256: 489ba4378b5ff037ba78699fc82fdfc4d24e19abf07ce9dd797078131898bfda
  - path: usa/ipums_full_count/ipums_full_count_1910.csv
    size_bytes: 8535615052
    sha256: a474e8a9e2d63140fb0469bd8ef5db07380e7bb4a79b3a25f5bec1981fc06c44
  - path: usa/ipums_full_count/ipums_full_count_1920.csv
    size_bytes: 9799982159
    sha256: cbea95f8d086dffc892fd900a0cb5158bb9bd3588d7eca4823a10c0760294843
  - path: usa/ipums_full_count/ipums_full_count_1930.csv
    size_bytes: 11377277482
    sha256: d69d04fc776d4e6997125590904f59f299252517f0db31abdf5d9335ef9fff99
  - path: usa/ipums_full_count/ipums_full_count_1940.csv
    size_bytes: 12226095634
    sha256: 078c2e295b712f16305f38d7bb7771c0e92ddff67324be5de2c81277bca7a214
- id: usa_state_geom
  files:
  - path: usa/misc/States_shapefile.shp
    size_bytes: 222392
    sha256: 64fe73aacbf1436f736ef1bdccf8f49b5f31726338137a4b2ffa056520febbab
- id: ghsl_pop
  files:
  - path: world/ghsl/pop/GHS_POP_E1975_GLOBE_R2023A_54009_1000_V1_0.tif
    size_bytes: 235641630
    sha256: a24d25fc14a20d224522c8848101c0dd7fb88e3696eb9152245d27ec2986caa1
  - path: world/ghsl/pop/GHS_POP_E1980_GLOBE_R2023A_54009_1000_V1_0.tif
    size_bytes: 239865867
    sha256: 70f72b8652aff3c440e918b83bfb9cc8f05d6800e5f9c87f1508972d9de2d16a
  - path: world/ghsl/pop/GHS_POP_E1985_GLOBE_R2023A_54009_1000_V1_0.tif
    size_bytes: 244611784
    sha256: 7921ad3d8ffd3bd9a7f4d53b45157989f568e6d526dd42330c35b6a14ebce45c
  - path: world/ghsl/pop/GHS_POP_E1990_GLOBE_R2023A_54009_1000_V1_0.tif
    size_bytes: 247848946
    sha256: f98a5b0f2c75eb0d36f35065eef1c0c0662ae8a40eedf80ad82f17ed6a7c0add
  - path: world/ghsl/pop/GHS_POP_E1995_GLOBE_R2023A_54009_1000_V1_0.tif
    size_bytes: 249537819
    sha256: ae6e1c3d9ee1dc0c9bb5b53e50e49546c4e5388245dd4ff3e4d9e2315cdc2261
  - path: world/ghsl/pop/GHS_POP_E2000_GLOBE_R2023A_54009_1000_V1_0.tif
    size_bytes: 250984924
    sha256: cecfaa7f9a1d92415e67399114b36e328472a1868cb4e50b1a21d7f59c98d11e
  - path: world/ghsl/pop/GHS_POP_E2005_GLOBE_R2023A_54009_1000_V1_0.tif
    size_bytes: 253991204
    sha256: 39e5c34d7d8291ad097749507549ded171f73975e5aa8eda6f340fc952cc9ad0
  - path: world/ghsl/pop/GHS_POP_E2010_GLOBE_R2023A_54009_1000_V1_0.tif
    size_bytes: 256626126
    sha256: 9b4d2c6e2da01c2105ee8196150ae196d29525524c43cd52093e09ed45ecf734
  - path: world/ghsl/pop/GHS_POP_E2015_GLOBE_R2023A_54009_1000_V1_0.tif
    size_bytes: 259223478
    sha256: 28b36f0a7a91433f67df6ba9ab21ed0ab5cdbcd81ae64418fe083fa19a1675f6
  - path: world/ghsl/pop/GHS_POP_E2020_GLOBE_R2023A_54009_1000_V1_0.tif
    size_bytes: 261128685
    sha256: db25d12ab0851446af467a56eb1651d383867dc3fbf4aa6348ec8e3372225196
  - path: world/ghsl/pop/GHS_POP_E2025_GLOBE_R2023A_54009_1000_V1_0.tif
    size_bytes: 262164752
    sha256: db9cdc20a7ab6d383f63b10b70929887fbd96200452cd48e4b6515c1a52b0f75
- id: ghsl_smod
  files:
  - path: world/ghsl/smod/GHS_SMOD_E1975_GLOBE_R2023A_54009_1000_V2_0.tif
    size_bytes: 16387303
    sha256: a3788ca6eced2fc65ac6f489f97ac5f80af6e510a2efe2357e35a80dc0b74e16
  - path: world/ghsl/smod/GHS_SMOD_E1980_GLOBE_R2023A_54009_1000_V2_0.tif
    size_bytes: 16647187
    sha256: 60302fe82a56d33b7ed31850d3601bcb0a6d0fdff36741ab1f66df96edb3f689
  - path: world/ghsl/smod/GHS_SMOD_E1985_GLOBE_R2023A_54009_1000_V2_0.tif
    size_bytes: 16900613
    sha256: 0c03f98fd0e5d8aa4424cc672bc80ce0c513758cb2e3c02d454d7cfaf759cf05
  - path: world/ghsl/smod/GHS_SMOD_E1990_GLOBE_R2023A_54009_1000_V2_0.tif
    size_bytes: 17121736
    sha256: 9e77223162140f826ba86b743f57b160b551b63008ce5810db6640f282cfecd6
  - path: world/ghsl/smod/GHS_SMOD_E1995_GLOBE_R2023A_54009_1000_V2_0.tif
    size_bytes: 17251946
    sha256: 427b84f9b2a26f1a919dc36a52bc80a8d6256df2623959c1cf607c412f5d906b
  - path: world/ghsl/smod/GHS_SMOD_E2000_GLOBE_R2023A_54009_1000_V2_0.tif
    size_bytes: 17353956
    sha256: b6ecb939c970582e5c6330648049eeb2a1012c9a4719f1a863fa1a6d0032d15e
  - path: world/ghsl/smod/GHS_SMOD_E2005_GLOBE_R2023A_54009_1000_V2_0.tif
    size_bytes: 17497783
    sha256: 4d112e7e6a77f6988908da808871bf985775fd0144b1db1b8ed7d3ed5af97ecd
  - path: world/ghsl/smod/GHS_SMOD_E2010_GLOBE_R2023A_54009_1000_V2_0.tif
    size_bytes: 17644902
    sha256: 3d1efb2be9beeb072279729d87bbca36c6945722e25b07993fa54ec93b44dd36
  - path: world/ghsl/smod/GHS_SMOD_E2015_GLOBE_R2023A_54009_1000_V2_0.tif
    size_bytes: 17788577
    sha256: 3313c1bacd562b770bc276c998f303f9b7834a727f6632c4c8bea480a7ada8b6
  - path: world/ghsl/smod/GHS_SMOD_E2020_GLOBE_R2023A_54009_1000_V2_0.tif
    size_bytes: 17958428
    sha256: 1e2d7d7a6994b0458fc5d6ff985fb872f27841162b1808a3d52e32ae1a4953a0
  - path: world/ghsl/smod/GHS_SMOD_E2025_GLOBE_R2023A_54009_1000_V2_0.tif
    size_bytes: 18074368
    sha256: fd076785d1639a5ebf0b1ef2021d28c984cdba0c9e9d4839d64044531d34b7cc
- id: cshapes_borders
  files:
  - path: world/cshapes/CShapes-2.0.shp
    size_bytes: 18830696
    sha256: ea9b1fbeeaaf9a9e2132186fd5b935ea4e005ed3cc3fe160599024137cfe36d5
- id: cshapes_crosswalk_iso
  files:
  - path: world/cshapes/c_shapes_to_world_bank_codes.csv
    size_bytes: 1662
    sha256: 9ff6bbabac5f98f28e275ba81208ad265fe3b079c17d905a92776758cca392ce
- id: owid_urbanization
  files:
  - path: world/owid/urban-population-share-2050.csv
    size_bytes: 968831
    sha256: 25381e33d49a47236887fd7343749a7428964f1c851eea4ce4205f2dbf32d73b
- id: owid_population
  files:
  - path: world/owid/population-long-run-with-projections.csv
    size_bytes: 2192936
    sha256: 4443e3370660e336b6a4eb91a395e2d25e8a5697361a4de792bdd517cc5cace9
- id: owid_countries_with_regions
  files:
  - path: world/owid/countries_with_regions.csv
    size_bytes: 4723
    sha256: e1228330bbf44409f59577913093b2cf9fc32df2979b91fa1502e2a87ff3d6c6
- id: analysis_parameters
  files:
  - path: other/analysis_parameters.csv
    size_bytes: 1009
    sha256: 4050e05ca62475ae43b6236efc04e5af9f3d7f831b0fc5b8c76db5ec803d582a
